// !$*UTF8*$!
{
	archiveVersion = 1;
	classes = {
	};
	objectVersion = 50;
	objects = {

/* Begin PBXBuildFile section */
		614AE37E2483F2620065F226 /* AppDelegate.swift in Sources */ = {isa = PBXBuildFile; fileRef = 614AE37D2483F2620065F226 /* AppDelegate.swift */; };
		614AE3802483F2620065F226 /* SceneDelegate.swift in Sources */ = {isa = PBXBuildFile; fileRef = 614AE37F2483F2620065F226 /* SceneDelegate.swift */; };
		614AE3822483F2620065F226 /* ContentView.swift in Sources */ = {isa = PBXBuildFile; fileRef = 614AE3812483F2620065F226 /* ContentView.swift */; };
		614AE3842483F2690065F226 /* Assets.xcassets in Resources */ = {isa = PBXBuildFile; fileRef = 614AE3832483F2690065F226 /* Assets.xcassets */; };
		614AE3872483F2690065F226 /* Preview Assets.xcassets in Resources */ = {isa = PBXBuildFile; fileRef = 614AE3862483F2690065F226 /* Preview Assets.xcassets */; };
		614AE38A2483F2690065F226 /* LaunchScreen.storyboard in Resources */ = {isa = PBXBuildFile; fileRef = 614AE3882483F2690065F226 /* LaunchScreen.storyboard */; };
		614AE3952483F7BD0065F226 /* String+Extensions.swift in Sources */ = {isa = PBXBuildFile; fileRef = 614AE3942483F7BD0065F226 /* String+Extensions.swift */; };
		614AE3972483F7DD0065F226 /* Color+Extensions.swift in Sources */ = {isa = PBXBuildFile; fileRef = 614AE3962483F7DD0065F226 /* Color+Extensions.swift */; };
		614AE3992483F8070065F226 /* Date+Extensions.swift in Sources */ = {isa = PBXBuildFile; fileRef = 614AE3982483F8070065F226 /* Date+Extensions.swift */; };
		614AE39B2483F8800065F226 /* User.swift in Sources */ = {isa = PBXBuildFile; fileRef = 614AE39A2483F8800065F226 /* User.swift */; };
		614AE39D2483FFBD0065F226 /* Chat.swift in Sources */ = {isa = PBXBuildFile; fileRef = 614AE39C2483FFBD0065F226 /* Chat.swift */; };
		614AE39F248401890065F226 /* MewsPost.swift in Sources */ = {isa = PBXBuildFile; fileRef = 614AE39E248401890065F226 /* MewsPost.swift */; };
		614AE3A32484132E0065F226 /* MewsAuthorView.swift in Sources */ = {isa = PBXBuildFile; fileRef = 614AE3A22484132E0065F226 /* MewsAuthorView.swift */; };
		614AE3A5248417A80065F226 /* MewsRow.swift in Sources */ = {isa = PBXBuildFile; fileRef = 614AE3A4248417A80065F226 /* MewsRow.swift */; };
		614AE3A924841BA70065F226 /* MewsListView.swift in Sources */ = {isa = PBXBuildFile; fileRef = 614AE3A824841BA70065F226 /* MewsListView.swift */; };
		614AE3AC248420930065F226 /* MewsChatRow.swift in Sources */ = {isa = PBXBuildFile; fileRef = 614AE3AB248420930065F226 /* MewsChatRow.swift */; };
		614AE3AE24842E490065F226 /* MewsChatView.swift in Sources */ = {isa = PBXBuildFile; fileRef = 614AE3AD24842E490065F226 /* MewsChatView.swift */; };
		614AE3B02484312F0065F226 /* MewsDetailView.swift in Sources */ = {isa = PBXBuildFile; fileRef = 614AE3AF2484312F0065F226 /* MewsDetailView.swift */; };
		614AE3B2248441E20065F226 /* MewsSocialView.swift in Sources */ = {isa = PBXBuildFile; fileRef = 614AE3B1248441E20065F226 /* MewsSocialView.swift */; };
		614AE3B72485943B0065F226 /* HumanPet.swift in Sources */ = {isa = PBXBuildFile; fileRef = 614AE3B62485943B0065F226 /* HumanPet.swift */; };
		614AE3B92485947C0065F226 /* SettingsModel.swift in Sources */ = {isa = PBXBuildFile; fileRef = 614AE3B82485947C0065F226 /* SettingsModel.swift */; };
		614AE3BB2485978B0065F226 /* PetPreferences.swift in Sources */ = {isa = PBXBuildFile; fileRef = 614AE3BA2485978B0065F226 /* PetPreferences.swift */; };
		614AE3BD248599770065F226 /* InsuranceOrder.swift in Sources */ = {isa = PBXBuildFile; fileRef = 614AE3BC248599770065F226 /* InsuranceOrder.swift */; };
		614AE3BF24859A5C0065F226 /* TemperatureRow.swift in Sources */ = {isa = PBXBuildFile; fileRef = 614AE3BE24859A5C0065F226 /* TemperatureRow.swift */; };
		614AE3C124859AA90065F226 /* PetReplacementRow.swift in Sources */ = {isa = PBXBuildFile; fileRef = 614AE3C024859AA90065F226 /* PetReplacementRow.swift */; };
		614AE3C324859C3B0065F226 /* PetInsuranceRow.swift in Sources */ = {isa = PBXBuildFile; fileRef = 614AE3C224859C3B0065F226 /* PetInsuranceRow.swift */; };
		614AE3C524859CC00065F226 /* SettingsView.swift in Sources */ = {isa = PBXBuildFile; fileRef = 614AE3C424859CC00065F226 /* SettingsView.swift */; };
/* End PBXBuildFile section */

/* Begin PBXFileReference section */
		614AE37A2483F2620065F226 /* SwiftUISocialMediaApp_UIKit&SwiftUI.app */ = {isa = PBXFileReference; explicitFileType = wrapper.application; includeInIndex = 0; path = "SwiftUISocialMediaApp_UIKit&SwiftUI.app"; sourceTree = BUILT_PRODUCTS_DIR; };
		614AE37D2483F2620065F226 /* AppDelegate.swift */ = {isa = PBXFileReference; lastKnownFileType = sourcecode.swift; path = AppDelegate.swift; sourceTree = "<group>"; };
		614AE37F2483F2620065F226 /* SceneDelegate.swift */ = {isa = PBXFileReference; lastKnownFileType = sourcecode.swift; path = SceneDelegate.swift; sourceTree = "<group>"; };
		614AE3812483F2620065F226 /* ContentView.swift */ = {isa = PBXFileReference; lastKnownFileType = sourcecode.swift; path = ContentView.swift; sourceTree = "<group>"; };
		614AE3832483F2690065F226 /* Assets.xcassets */ = {isa = PBXFileReference; lastKnownFileType = folder.assetcatalog; path = Assets.xcassets; sourceTree = "<group>"; };
		614AE3862483F2690065F226 /* Preview Assets.xcassets */ = {isa = PBXFileReference; lastKnownFileType = folder.assetcatalog; path = "Preview Assets.xcassets"; sourceTree = "<group>"; };
		614AE3892483F2690065F226 /* Base */ = {isa = PBXFileReference; lastKnownFileType = file.storyboard; name = Base; path = Base.lproj/LaunchScreen.storyboard; sourceTree = "<group>"; };
		614AE38B2483F2690065F226 /* Info.plist */ = {isa = PBXFileReference; lastKnownFileType = text.plist.xml; path = Info.plist; sourceTree = "<group>"; };
		614AE3942483F7BD0065F226 /* String+Extensions.swift */ = {isa = PBXFileReference; lastKnownFileType = sourcecode.swift; path = "String+Extensions.swift"; sourceTree = "<group>"; };
		614AE3962483F7DD0065F226 /* Color+Extensions.swift */ = {isa = PBXFileReference; lastKnownFileType = sourcecode.swift; path = "Color+Extensions.swift"; sourceTree = "<group>"; };
		614AE3982483F8070065F226 /* Date+Extensions.swift */ = {isa = PBXFileReference; lastKnownFileType = sourcecode.swift; path = "Date+Extensions.swift"; sourceTree = "<group>"; };
		614AE39A2483F8800065F226 /* User.swift */ = {isa = PBXFileReference; lastKnownFileType = sourcecode.swift; path = User.swift; sourceTree = "<group>"; };
		614AE39C2483FFBD0065F226 /* Chat.swift */ = {isa = PBXFileReference; lastKnownFileType = sourcecode.swift; path = Chat.swift; sourceTree = "<group>"; };
		614AE39E248401890065F226 /* MewsPost.swift */ = {isa = PBXFileReference; lastKnownFileType = sourcecode.swift; path = MewsPost.swift; sourceTree = "<group>"; };
		614AE3A22484132E0065F226 /* MewsAuthorView.swift */ = {isa = PBXFileReference; lastKnownFileType = sourcecode.swift; path = MewsAuthorView.swift; sourceTree = "<group>"; };
		614AE3A4248417A80065F226 /* MewsRow.swift */ = {isa = PBXFileReference; lastKnownFileType = sourcecode.swift; path = MewsRow.swift; sourceTree = "<group>"; };
		614AE3A824841BA70065F226 /* MewsListView.swift */ = {isa = PBXFileReference; lastKnownFileType = sourcecode.swift; path = MewsListView.swift; sourceTree = "<group>"; };
		614AE3AB248420930065F226 /* MewsChatRow.swift */ = {isa = PBXFileReference; lastKnownFileType = sourcecode.swift; path = MewsChatRow.swift; sourceTree = "<group>"; };
		614AE3AD24842E490065F226 /* MewsChatView.swift */ = {isa = PBXFileReference; lastKnownFileType = sourcecode.swift; path = MewsChatView.swift; sourceTree = "<group>"; };
		614AE3AF2484312F0065F226 /* MewsDetailView.swift */ = {isa = PBXFileReference; lastKnownFileType = sourcecode.swift; path = MewsDetailView.swift; sourceTree = "<group>"; };
		614AE3B1248441E20065F226 /* MewsSocialView.swift */ = {isa = PBXFileReference; lastKnownFileType = sourcecode.swift; path = MewsSocialView.swift; sourceTree = "<group>"; };
		614AE3B62485943B0065F226 /* HumanPet.swift */ = {isa = PBXFileReference; lastKnownFileType = sourcecode.swift; path = HumanPet.swift; sourceTree = "<group>"; };
		614AE3B82485947C0065F226 /* SettingsModel.swift */ = {isa = PBXFileReference; lastKnownFileType = sourcecode.swift; path = SettingsModel.swift; sourceTree = "<group>"; };
		614AE3BA2485978B0065F226 /* PetPreferences.swift */ = {isa = PBXFileReference; lastKnownFileType = sourcecode.swift; path = PetPreferences.swift; sourceTree = "<group>"; };
		614AE3BC248599770065F226 /* InsuranceOrder.swift */ = {isa = PBXFileReference; lastKnownFileType = sourcecode.swift; path = InsuranceOrder.swift; sourceTree = "<group>"; };
		614AE3BE24859A5C0065F226 /* TemperatureRow.swift */ = {isa = PBXFileReference; lastKnownFileType = sourcecode.swift; path = TemperatureRow.swift; sourceTree = "<group>"; };
		614AE3C024859AA90065F226 /* PetReplacementRow.swift */ = {isa = PBXFileReference; lastKnownFileType = sourcecode.swift; path = PetReplacementRow.swift; sourceTree = "<group>"; };
		614AE3C224859C3B0065F226 /* PetInsuranceRow.swift */ = {isa = PBXFileReference; lastKnownFileType = sourcecode.swift; path = PetInsuranceRow.swift; sourceTree = "<group>"; };
		614AE3C424859CC00065F226 /* SettingsView.swift */ = {isa = PBXFileReference; lastKnownFileType = sourcecode.swift; path = SettingsView.swift; sourceTree = "<group>"; };
/* End PBXFileReference section */

/* Begin PBXFrameworksBuildPhase section */
		614AE3772483F2620065F226 /* Frameworks */ = {
			isa = PBXFrameworksBuildPhase;
			buildActionMask = 2147483647;
			files = (
			);
			runOnlyForDeploymentPostprocessing = 0;
		};
/* End PBXFrameworksBuildPhase section */

/* Begin PBXGroup section */
		614AE3712483F2620065F226 = {
			isa = PBXGroup;
			children = (
				614AE37C2483F2620065F226 /* SwiftUISocialMediaApp_UIKit&SwiftUI */,
				614AE37B2483F2620065F226 /* Products */,
			);
			sourceTree = "<group>";
		};
		614AE37B2483F2620065F226 /* Products */ = {
			isa = PBXGroup;
			children = (
				614AE37A2483F2620065F226 /* SwiftUISocialMediaApp_UIKit&SwiftUI.app */,
			);
			name = Products;
			sourceTree = "<group>";
		};
		614AE37C2483F2620065F226 /* SwiftUISocialMediaApp_UIKit&SwiftUI */ = {
			isa = PBXGroup;
			children = (
				614AE3B3248593AB0065F226 /* Settings */,
				614AE3932483F77B0065F226 /* Extensions */,
				614AE3A0248412FB0065F226 /* Mews */,
				614AE37D2483F2620065F226 /* AppDelegate.swift */,
				614AE37F2483F2620065F226 /* SceneDelegate.swift */,
				614AE3812483F2620065F226 /* ContentView.swift */,
				614AE3832483F2690065F226 /* Assets.xcassets */,
				614AE3882483F2690065F226 /* LaunchScreen.storyboard */,
				614AE38B2483F2690065F226 /* Info.plist */,
				614AE3852483F2690065F226 /* Preview Content */,
			);
			path = "SwiftUISocialMediaApp_UIKit&SwiftUI";
			sourceTree = "<group>";
		};
		614AE3852483F2690065F226 /* Preview Content */ = {
			isa = PBXGroup;
			children = (
				614AE3862483F2690065F226 /* Preview Assets.xcassets */,
			);
			path = "Preview Content";
			sourceTree = "<group>";
		};
		614AE3922483F7670065F226 /* Models */ = {
			isa = PBXGroup;
			children = (
				614AE39A2483F8800065F226 /* User.swift */,
				614AE39C2483FFBD0065F226 /* Chat.swift */,
				614AE39E248401890065F226 /* MewsPost.swift */,
			);
			path = Models;
			sourceTree = "<group>";
		};
		614AE3932483F77B0065F226 /* Extensions */ = {
			isa = PBXGroup;
			children = (
				614AE3942483F7BD0065F226 /* String+Extensions.swift */,
				614AE3962483F7DD0065F226 /* Color+Extensions.swift */,
				614AE3982483F8070065F226 /* Date+Extensions.swift */,
			);
			path = Extensions;
			sourceTree = "<group>";
		};
		614AE3A0248412FB0065F226 /* Mews */ = {
			isa = PBXGroup;
			children = (
				614AE3922483F7670065F226 /* Models */,
				614AE3AA24841E610065F226 /* Detail */,
				614AE3A12484130E0065F226 /* Master */,
			);
			path = Mews;
			sourceTree = "<group>";
		};
		614AE3A12484130E0065F226 /* Master */ = {
			isa = PBXGroup;
			children = (
				614AE3A22484132E0065F226 /* MewsAuthorView.swift */,
				614AE3A4248417A80065F226 /* MewsRow.swift */,
				614AE3A824841BA70065F226 /* MewsListView.swift */,
			);
			path = Master;
			sourceTree = "<group>";
		};
		614AE3AA24841E610065F226 /* Detail */ = {
			isa = PBXGroup;
			children = (
				614AE3AB248420930065F226 /* MewsChatRow.swift */,
				614AE3AD24842E490065F226 /* MewsChatView.swift */,
				614AE3B1248441E20065F226 /* MewsSocialView.swift */,
				614AE3AF2484312F0065F226 /* MewsDetailView.swift */,
			);
			path = Detail;
			sourceTree = "<group>";
		};
		614AE3B3248593AB0065F226 /* Settings */ = {
			isa = PBXGroup;
			children = (
				614AE3B4248593B70065F226 /* Models */,
				614AE3B5248594030065F226 /* Views */,
			);
			path = Settings;
			sourceTree = "<group>";
		};
		614AE3B4248593B70065F226 /* Models */ = {
			isa = PBXGroup;
			children = (
				614AE3B62485943B0065F226 /* HumanPet.swift */,
				614AE3B82485947C0065F226 /* SettingsModel.swift */,
				614AE3BA2485978B0065F226 /* PetPreferences.swift */,
				614AE3BC248599770065F226 /* InsuranceOrder.swift */,
			);
			path = Models;
			sourceTree = "<group>";
		};
		614AE3B5248594030065F226 /* Views */ = {
			isa = PBXGroup;
			children = (
				614AE3BE24859A5C0065F226 /* TemperatureRow.swift */,
				614AE3C024859AA90065F226 /* PetReplacementRow.swift */,
				614AE3C224859C3B0065F226 /* PetInsuranceRow.swift */,
				614AE3C424859CC00065F226 /* SettingsView.swift */,
			);
			path = Views;
			sourceTree = "<group>";
		};
/* End PBXGroup section */

/* Begin PBXNativeTarget section */
		614AE3792483F2620065F226 /* SwiftUISocialMediaApp_UIKit&SwiftUI */ = {
			isa = PBXNativeTarget;
			buildConfigurationList = 614AE38E2483F2690065F226 /* Build configuration list for PBXNativeTarget "SwiftUISocialMediaApp_UIKit&SwiftUI" */;
			buildPhases = (
				614AE3762483F2620065F226 /* Sources */,
				614AE3772483F2620065F226 /* Frameworks */,
				614AE3782483F2620065F226 /* Resources */,
			);
			buildRules = (
			);
			dependencies = (
			);
			name = "SwiftUISocialMediaApp_UIKit&SwiftUI";
			productName = "SwiftUISocialMediaApp_UIKit&SwiftUI";
			productReference = 614AE37A2483F2620065F226 /* SwiftUISocialMediaApp_UIKit&SwiftUI.app */;
			productType = "com.apple.product-type.application";
		};
/* End PBXNativeTarget section */

/* Begin PBXProject section */
		614AE3722483F2620065F226 /* Project object */ = {
			isa = PBXProject;
			attributes = {
				LastSwiftUpdateCheck = 1130;
				LastUpgradeCheck = 1130;
				ORGANIZATIONNAME = "mohamed  habib";
				TargetAttributes = {
					614AE3792483F2620065F226 = {
						CreatedOnToolsVersion = 11.3.1;
					};
				};
			};
			buildConfigurationList = 614AE3752483F2620065F226 /* Build configuration list for PBXProject "SwiftUISocialMediaApp_UIKit&SwiftUI" */;
			compatibilityVersion = "Xcode 9.3";
			developmentRegion = en;
			hasScannedForEncodings = 0;
			knownRegions = (
				en,
				Base,
			);
			mainGroup = 614AE3712483F2620065F226;
			productRefGroup = 614AE37B2483F2620065F226 /* Products */;
			projectDirPath = "";
			projectRoot = "";
			targets = (
				614AE3792483F2620065F226 /* SwiftUISocialMediaApp_UIKit&SwiftUI */,
			);
		};
/* End PBXProject section */

/* Begin PBXResourcesBuildPhase section */
		614AE3782483F2620065F226 /* Resources */ = {
			isa = PBXResourcesBuildPhase;
			buildActionMask = 2147483647;
			files = (
				614AE38A2483F2690065F226 /* LaunchScreen.storyboard in Resources */,
				614AE3872483F2690065F226 /* Preview Assets.xcassets in Resources */,
				614AE3842483F2690065F226 /* Assets.xcassets in Resources */,
			);
			runOnlyForDeploymentPostprocessing = 0;
		};
/* End PBXResourcesBuildPhase section */

/* Begin PBXSourcesBuildPhase section */
		614AE3762483F2620065F226 /* Sources */ = {
			isa = PBXSourcesBuildPhase;
			buildActionMask = 2147483647;
			files = (
				614AE3BF24859A5C0065F226 /* TemperatureRow.swift in Sources */,
				614AE3B92485947C0065F226 /* SettingsModel.swift in Sources */,
				614AE3A5248417A80065F226 /* MewsRow.swift in Sources */,
				614AE3C124859AA90065F226 /* PetReplacementRow.swift in Sources */,
				614AE3B2248441E20065F226 /* MewsSocialView.swift in Sources */,
				614AE3BD248599770065F226 /* InsuranceOrder.swift in Sources */,
				614AE3972483F7DD0065F226 /* Color+Extensions.swift in Sources */,
				614AE3952483F7BD0065F226 /* String+Extensions.swift in Sources */,
				614AE3B72485943B0065F226 /* HumanPet.swift in Sources */,
				614AE3C524859CC00065F226 /* SettingsView.swift in Sources */,
				614AE37E2483F2620065F226 /* AppDelegate.swift in Sources */,
				614AE3B02484312F0065F226 /* MewsDetailView.swift in Sources */,
				614AE3C324859C3B0065F226 /* PetInsuranceRow.swift in Sources */,
				614AE3802483F2620065F226 /* SceneDelegate.swift in Sources */,
				614AE3822483F2620065F226 /* ContentView.swift in Sources */,
				614AE39F248401890065F226 /* MewsPost.swift in Sources */,
				614AE39D2483FFBD0065F226 /* Chat.swift in Sources */,
				614AE3A924841BA70065F226 /* MewsListView.swift in Sources */,
				614AE3A32484132E0065F226 /* MewsAuthorView.swift in Sources */,
				614AE3AE24842E490065F226 /* MewsChatView.swift in Sources */,
				614AE3992483F8070065F226 /* Date+Extensions.swift in Sources */,
				614AE3AC248420930065F226 /* MewsChatRow.swift in Sources */,
				614AE3BB2485978B0065F226 /* PetPreferences.swift in Sources */,
				614AE39B2483F8800065F226 /* User.swift in Sources */,
			);
			runOnlyForDeploymentPostprocessing = 0;
		};
/* End PBXSourcesBuildPhase section */

/* Begin PBXVariantGroup section */
		614AE3882483F2690065F226 /* LaunchScreen.storyboard */ = {
			isa = PBXVariantGroup;
			children = (
				614AE3892483F2690065F226 /* Base */,
			);
			name = LaunchScreen.storyboard;
			sourceTree = "<group>";
		};
/* End PBXVariantGroup section */

/* Begin XCBuildConfiguration section */
		614AE38C2483F2690065F226 /* Debug */ = {
			isa = XCBuildConfiguration;
			buildSettings = {
				ALWAYS_SEARCH_USER_PATHS = NO;
				CLANG_ANALYZER_NONNULL = YES;
				CLANG_ANALYZER_NUMBER_OBJECT_CONVERSION = YES_AGGRESSIVE;
				CLANG_CXX_LANGUAGE_STANDARD = "gnu++14";
				CLANG_CXX_LIBRARY = "libc++";
				CLANG_ENABLE_MODULES = YES;
				CLANG_ENABLE_OBJC_ARC = YES;
				CLANG_ENABLE_OBJC_WEAK = YES;
				CLANG_WARN_BLOCK_CAPTURE_AUTORELEASING = YES;
				CLANG_WARN_BOOL_CONVERSION = YES;
				CLANG_WARN_COMMA = YES;
				CLANG_WARN_CONSTANT_CONVERSION = YES;
				CLANG_WARN_DEPRECATED_OBJC_IMPLEMENTATIONS = YES;
				CLANG_WARN_DIRECT_OBJC_ISA_USAGE = YES_ERROR;
				CLANG_WARN_DOCUMENTATION_COMMENTS = YES;
				CLANG_WARN_EMPTY_BODY = YES;
				CLANG_WARN_ENUM_CONVERSION = YES;
				CLANG_WARN_INFINITE_RECURSION = YES;
				CLANG_WARN_INT_CONVERSION = YES;
				CLANG_WARN_NON_LITERAL_NULL_CONVERSION = YES;
				CLANG_WARN_OBJC_IMPLICIT_RETAIN_SELF = YES;
				CLANG_WARN_OBJC_LITERAL_CONVERSION = YES;
				CLANG_WARN_OBJC_ROOT_CLASS = YES_ERROR;
				CLANG_WARN_RANGE_LOOP_ANALYSIS = YES;
				CLANG_WARN_STRICT_PROTOTYPES = YES;
				CLANG_WARN_SUSPICIOUS_MOVE = YES;
				CLANG_WARN_UNGUARDED_AVAILABILITY = YES_AGGRESSIVE;
				CLANG_WARN_UNREACHABLE_CODE = YES;
				CLANG_WARN__DUPLICATE_METHOD_MATCH = YES;
				COPY_PHASE_STRIP = NO;
				DEBUG_INFORMATION_FORMAT = dwarf;
				ENABLE_STRICT_OBJC_MSGSEND = YES;
				ENABLE_TESTABILITY = YES;
				GCC_C_LANGUAGE_STANDARD = gnu11;
				GCC_DYNAMIC_NO_PIC = NO;
				GCC_NO_COMMON_BLOCKS = YES;
				GCC_OPTIMIZATION_LEVEL = 0;
				GCC_PREPROCESSOR_DEFINITIONS = (
					"DEBUG=1",
					"$(inherited)",
				);
				GCC_WARN_64_TO_32_BIT_CONVERSION = YES;
				GCC_WARN_ABOUT_RETURN_TYPE = YES_ERROR;
				GCC_WARN_UNDECLARED_SELECTOR = YES;
				GCC_WARN_UNINITIALIZED_AUTOS = YES_AGGRESSIVE;
				GCC_WARN_UNUSED_FUNCTION = YES;
				GCC_WARN_UNUSED_VARIABLE = YES;
				IPHONEOS_DEPLOYMENT_TARGET = 13.2;
				MTL_ENABLE_DEBUG_INFO = INCLUDE_SOURCE;
				MTL_FAST_MATH = YES;
				ONLY_ACTIVE_ARCH = YES;
				SDKROOT = iphoneos;
				SWIFT_ACTIVE_COMPILATION_CONDITIONS = DEBUG;
				SWIFT_OPTIMIZATION_LEVEL = "-Onone";
			};
			name = Debug;
		};
		614AE38D2483F2690065F226 /* Release */ = {
			isa = XCBuildConfiguration;
			buildSettings = {
				ALWAYS_SEARCH_USER_PATHS = NO;
				CLANG_ANALYZER_NONNULL = YES;
				CLANG_ANALYZER_NUMBER_OBJECT_CONVERSION = YES_AGGRESSIVE;
				CLANG_CXX_LANGUAGE_STANDARD = "gnu++14";
				CLANG_CXX_LIBRARY = "libc++";
				CLANG_ENABLE_MODULES = YES;
				CLANG_ENABLE_OBJC_ARC = YES;
				CLANG_ENABLE_OBJC_WEAK = YES;
				CLANG_WARN_BLOCK_CAPTURE_AUTORELEASING = YES;
				CLANG_WARN_BOOL_CONVERSION = YES;
				CLANG_WARN_COMMA = YES;
				CLANG_WARN_CONSTANT_CONVERSION = YES;
				CLANG_WARN_DEPRECATED_OBJC_IMPLEMENTATIONS = YES;
				CLANG_WARN_DIRECT_OBJC_ISA_USAGE = YES_ERROR;
				CLANG_WARN_DOCUMENTATION_COMMENTS = YES;
				CLANG_WARN_EMPTY_BODY = YES;
				CLANG_WARN_ENUM_CONVERSION = YES;
				CLANG_WARN_INFINITE_RECURSION = YES;
				CLANG_WARN_INT_CONVERSION = YES;
				CLANG_WARN_NON_LITERAL_NULL_CONVERSION = YES;
				CLANG_WARN_OBJC_IMPLICIT_RETAIN_SELF = YES;
				CLANG_WARN_OBJC_LITERAL_CONVERSION = YES;
				CLANG_WARN_OBJC_ROOT_CLASS = YES_ERROR;
				CLANG_WARN_RANGE_LOOP_ANALYSIS = YES;
				CLANG_WARN_STRICT_PROTOTYPES = YES;
				CLANG_WARN_SUSPICIOUS_MOVE = YES;
				CLANG_WARN_UNGUARDED_AVAILABILITY = YES_AGGRESSIVE;
				CLANG_WARN_UNREACHABLE_CODE = YES;
				CLANG_WARN__DUPLICATE_METHOD_MATCH = YES;
				COPY_PHASE_STRIP = NO;
				DEBUG_INFORMATION_FORMAT = "dwarf-with-dsym";
				ENABLE_NS_ASSERTIONS = NO;
				ENABLE_STRICT_OBJC_MSGSEND = YES;
				GCC_C_LANGUAGE_STANDARD = gnu11;
				GCC_NO_COMMON_BLOCKS = YES;
				GCC_WARN_64_TO_32_BIT_CONVERSION = YES;
				GCC_WARN_ABOUT_RETURN_TYPE = YES_ERROR;
				GCC_WARN_UNDECLARED_SELECTOR = YES;
				GCC_WARN_UNINITIALIZED_AUTOS = YES_AGGRESSIVE;
				GCC_WARN_UNUSED_FUNCTION = YES;
				GCC_WARN_UNUSED_VARIABLE = YES;
				IPHONEOS_DEPLOYMENT_TARGET = 13.2;
				MTL_ENABLE_DEBUG_INFO = NO;
				MTL_FAST_MATH = YES;
				SDKROOT = iphoneos;
				SWIFT_COMPILATION_MODE = wholemodule;
				SWIFT_OPTIMIZATION_LEVEL = "-O";
				VALIDATE_PRODUCT = YES;
			};
			name = Release;
		};
		614AE38F2483F2690065F226 /* Debug */ = {
			isa = XCBuildConfiguration;
			buildSettings = {
				ASSETCATALOG_COMPILER_APPICON_NAME = AppIcon;
				CODE_SIGN_STYLE = Automatic;
				DEVELOPMENT_ASSET_PATHS = "\"SwiftUISocialMediaApp_UIKit&SwiftUI/Preview Content\"";
				DEVELOPMENT_TEAM = W4M7279BBQ;
				ENABLE_PREVIEWS = YES;
				INFOPLIST_FILE = "SwiftUISocialMediaApp_UIKit&SwiftUI/Info.plist";
				LD_RUNPATH_SEARCH_PATHS = (
					"$(inherited)",
					"@executable_path/Frameworks",
				);
				PRODUCT_BUNDLE_IDENTIFIER = "jaberi.SwiftUISocialMediaApp-UIKit-SwiftUI";
				PRODUCT_NAME = "$(TARGET_NAME)";
				SWIFT_VERSION = 5.0;
				TARGETED_DEVICE_FAMILY = "1,2";
			};
			name = Debug;
		};
		614AE3902483F2690065F226 /* Release */ = {
			isa = XCBuildConfiguration;
			buildSettings = {
				ASSETCATALOG_COMPILER_APPICON_NAME = AppIcon;
				CODE_SIGN_STYLE = Automatic;
				DEVELOPMENT_ASSET_PATHS = "\"SwiftUISocialMediaApp_UIKit&SwiftUI/Preview Content\"";
				DEVELOPMENT_TEAM = W4M7279BBQ;
				ENABLE_PREVIEWS = YES;
				INFOPLIST_FILE = "SwiftUISocialMediaApp_UIKit&SwiftUI/Info.plist";
				LD_RUNPATH_SEARCH_PATHS = (
					"$(inherited)",
					"@executable_path/Frameworks",
				);
				PRODUCT_BUNDLE_IDENTIFIER = "jaberi.SwiftUISocialMediaApp-UIKit-SwiftUI";
				PRODUCT_NAME = "$(TARGET_NAME)";
				SWIFT_VERSION = 5.0;
				TARGETED_DEVICE_FAMILY = "1,2";
			};
			name = Release;
		};
/* End XCBuildConfiguration section */

/* Begin XCConfigurationList section */
		614AE3752483F2620065F226 /* Build configuration list for PBXProject "SwiftUISocialMediaApp_UIKit&SwiftUI" */ = {
			isa = XCConfigurationList;
			buildConfigurations = (
				614AE38C2483F2690065F226 /* Debug */,
				614AE38D2483F2690065F226 /* Release */,
			);
			defaultConfigurationIsVisible = 0;
			defaultConfigurationName = Release;
		};
		614AE38E2483F2690065F226 /* Build configuration list for PBXNativeTarget "SwiftUISocialMediaApp_UIKit&SwiftUI" */ = {
			isa = XCConfigurationList;
			buildConfigurations = (
				614AE38F2483F2690065F226 /* Debug */,
				614AE3902483F2690065F226 /* Release */,
			);
			defaultConfigurationIsVisible = 0;
			defaultConfigurationName = Release;
		};
/* End XCConfigurationList section */
	};
	rootObject = 614AE3722483F2620065F226 /* Project object */;
}
